
Microsoft Visual Studio Solution File, Format Version 12.00
# Visual Studio 15
VisualStudioVersion = 15.0.27428.2005
MinimumVisualStudioVersion = 10.0.40219.1
Project("{FAE04EC0-301F-11D3-BF4B-00C04F79EFBC}") = "VoiceClient", "VoiceClient\VoiceClient.csproj", "{0227448C-9946-4356-BCE4-F55059C60302}"
EndProject
Global
	GlobalSection(SolutionConfigurationPlatforms) = preSolution
		Debug|Any CPU = Debug|Any CPU
		Debug|x64 = Debug|x64
		Release|Any CPU = Release|Any CPU
		Release|x64 = Release|x64
	EndGlobalSection
	GlobalSection(ProjectConfigurationPlatforms) = postSolution
		{0227448C-9946-4356-BCE4-F55059C60302}.Debug|Any CPU.ActiveCfg = Debug|Any CPU
		{0227448C-9946-4356-BCE4-F55059C60302}.Debug|Any CPU.Build.0 = Debug|Any CPU
		{0227448C-9946-4356-BCE4-F55059C60302}.Debug|x64.ActiveCfg = Debug|x64
		{0227448C-9946-4356-BCE4-F55059C60302}.Debug|x64.Build.0 = Debug|x64
		{0227448C-9946-4356-BCE4-F55059C60302}.Release|Any CPU.ActiveCfg = Release|Any CPU
		{0227448C-9946-4356-BCE4-F55059C60302}.Release|Any CPU.Build.0 = Release|Any CPU
		{0227448C-9946-4356-BCE4-F55059C60302}.Release|x64.ActiveCfg = Release|x64
		{0227448C-9946-4356-BCE4-F55059C60302}.Release|x64.Build.0 = Release|x64
	EndGlobalSection
	GlobalSection(SolutionProperties) = preSolution
		HideSolutionNode = FALSE
	EndGlobalSection
	GlobalSection(ExtensibilityGlobals) = postSolution
		SolutionGuid = {FAA635A4-4369-4930-B4BA-A82A0FD97523}
	EndGlobalSection
EndGlobal
